
Microsoft Visual Studio Solution File, Format Version 12.00
# Visual Studio 2013
VisualStudioVersion = 12.0.31101.0
MinimumVisualStudioVersion = 10.0.40219.1
Project("{2150E333-8FDC-42A3-9474-1A3956D46DE8}") = "0 - Presentation", "0 - Presentation", "{EB44DF2E-63D5-406B-BCE1-85E2A847BAB9}"
EndProject
Project("{2150E333-8FDC-42A3-9474-1A3956D46DE8}") = "1 - Services", "1 - Services", "{83035AAA-5004-4523-AB51-BD10C9CD023B}"
EndProject
Project("{2150E333-8FDC-42A3-9474-1A3956D46DE8}") = "2 - Application", "2 - Application", "{0118D06F-9C9A-4FD9-AC84-761B0F15CAB1}"
EndProject
Project("{2150E333-8FDC-42A3-9474-1A3956D46DE8}") = "3 - Domain", "3 - Domain", "{2EA58EE1-AF3B-4AF6-90AA-0B366BDBE6A6}"
EndProject
Project("{2150E333-8FDC-42A3-9474-1A3956D46DE8}") = "4 - Infra", "4 - Infra", "{5C1F3474-E92F-4807-A182-C9ACA1DFC585}"
EndProject
Project("{2150E333-8FDC-42A3-9474-1A3956D46DE8}") = "4.1 - Data", "4.1 - Data", "{60A43F0A-6C8C-4A45-A31E-984BFEEA0FB2}"
EndProject
Project("{2150E333-8FDC-42A3-9474-1A3956D46DE8}") = "4.2 - CrossCutting", "4.2 - CrossCutting", "{B70443C5-045B-4F04-9EE9-82A7BA452E7E}"
EndProject
Project("{FAE04EC0-301F-11D3-BF4B-00C04F79EFBC}") = "CursoMVCAbril.UI.MVC", "src\CursoMVCAbril.UI.MVC\CursoMVCAbril.UI.MVC.csproj", "{5E1DBB56-D9B2-413F-9BD8-6551CAF779B5}"
EndProject
Project("{FAE04EC0-301F-11D3-BF4B-00C04F79EFBC}") = "CursoMVCAbril.Domain", "src\CursoMVCAbril.Domain\CursoMVCAbril.Domain.csproj", "{B89F39F7-8F28-4A5C-B9DF-ABD452906965}"
EndProject
Project("{FAE04EC0-301F-11D3-BF4B-00C04F79EFBC}") = "CursoMVCAbril.Infra.Data", "src\CursoMVCAbril.Infra.Data\CursoMVCAbril.Infra.Data.csproj", "{55ECED22-CA3A-4C36-BBF3-677F7AFF71A0}"
EndProject
Project("{FAE04EC0-301F-11D3-BF4B-00C04F79EFBC}") = "CursoMVCAbril.Application", "src\CursoMVCAbril.Application\CursoMVCAbril.Application.csproj", "{CFCA48A4-EB6C-46D1-AC1B-FEE97228F443}"
EndProject
Project("{FAE04EC0-301F-11D3-BF4B-00C04F79EFBC}") = "CursoMVCAbril.Infra.CrossCutting.MvcFilters", "src\CursoMVCAbril.Infra.CrossCutting.MvcFilters\CursoMVCAbril.Infra.CrossCutting.MvcFilters.csproj", "{F6D2BC3C-3C0C-4118-ABFF-96CB5042EFB7}"
EndProject
Project("{FAE04EC0-301F-11D3-BF4B-00C04F79EFBC}") = "CursoMVCAbril.Services.WebAPI", "src\CursoMVCAbril.Services.WebAPI\CursoMVCAbril.Services.WebAPI.csproj", "{F8DF94B6-5F10-433C-8F35-6738EC379B17}"
EndProject
Project("{FAE04EC0-301F-11D3-BF4B-00C04F79EFBC}") = "CursoMVCAbril.Infra.CrossCutting.IoC", "src\CursoMVCAbril.Infra.CrossCutting.IoC\CursoMVCAbril.Infra.CrossCutting.IoC.csproj", "{F60F9829-DE06-4A7E-B03B-31C8A01AC9BA}"
EndProject
Global
	GlobalSection(SolutionConfigurationPlatforms) = preSolution
		Debug|Any CPU = Debug|Any CPU
		Release|Any CPU = Release|Any CPU
	EndGlobalSection
	GlobalSection(ProjectConfigurationPlatforms) = postSolution
		{5E1DBB56-D9B2-413F-9BD8-6551CAF779B5}.Debug|Any CPU.ActiveCfg = Debug|Any CPU
		{5E1DBB56-D9B2-413F-9BD8-6551CAF779B5}.Debug|Any CPU.Build.0 = Debug|Any CPU
		{5E1DBB56-D9B2-413F-9BD8-6551CAF779B5}.Release|Any CPU.ActiveCfg = Release|Any CPU
		{5E1DBB56-D9B2-413F-9BD8-6551CAF779B5}.Release|Any CPU.Build.0 = Release|Any CPU
		{B89F39F7-8F28-4A5C-B9DF-ABD452906965}.Debug|Any CPU.ActiveCfg = Debug|Any CPU
		{B89F39F7-8F28-4A5C-B9DF-ABD452906965}.Debug|Any CPU.Build.0 = Debug|Any CPU
		{B89F39F7-8F28-4A5C-B9DF-ABD452906965}.Release|Any CPU.ActiveCfg = Release|Any CPU
		{B89F39F7-8F28-4A5C-B9DF-ABD452906965}.Release|Any CPU.Build.0 = Release|Any CPU
		{55ECED22-CA3A-4C36-BBF3-677F7AFF71A0}.Debug|Any CPU.ActiveCfg = Debug|Any CPU
		{55ECED22-CA3A-4C36-BBF3-677F7AFF71A0}.Debug|Any CPU.Build.0 = Debug|Any CPU
		{55ECED22-CA3A-4C36-BBF3-677F7AFF71A0}.Release|Any CPU.ActiveCfg = Release|Any CPU
		{55ECED22-CA3A-4C36-BBF3-677F7AFF71A0}.Release|Any CPU.Build.0 = Release|Any CPU
		{CFCA48A4-EB6C-46D1-AC1B-FEE97228F443}.Debug|Any CPU.ActiveCfg = Debug|Any CPU
		{CFCA48A4-EB6C-46D1-AC1B-FEE97228F443}.Debug|Any CPU.Build.0 = Debug|Any CPU
		{CFCA48A4-EB6C-46D1-AC1B-FEE97228F443}.Release|Any CPU.ActiveCfg = Release|Any CPU
		{CFCA48A4-EB6C-46D1-AC1B-FEE97228F443}.Release|Any CPU.Build.0 = Release|Any CPU
		{F6D2BC3C-3C0C-4118-ABFF-96CB5042EFB7}.Debug|Any CPU.ActiveCfg = Debug|Any CPU
		{F6D2BC3C-3C0C-4118-ABFF-96CB5042EFB7}.Debug|Any CPU.Build.0 = Debug|Any CPU
		{F6D2BC3C-3C0C-4118-ABFF-96CB5042EFB7}.Release|Any CPU.ActiveCfg = Release|Any CPU
		{F6D2BC3C-3C0C-4118-ABFF-96CB5042EFB7}.Release|Any CPU.Build.0 = Release|Any CPU
		{F8DF94B6-5F10-433C-8F35-6738EC379B17}.Debug|Any CPU.ActiveCfg = Debug|Any CPU
		{F8DF94B6-5F10-433C-8F35-6738EC379B17}.Debug|Any CPU.Build.0 = Debug|Any CPU
		{F8DF94B6-5F10-433C-8F35-6738EC379B17}.Release|Any CPU.ActiveCfg = Release|Any CPU
		{F8DF94B6-5F10-433C-8F35-6738EC379B17}.Release|Any CPU.Build.0 = Release|Any CPU
		{F60F9829-DE06-4A7E-B03B-31C8A01AC9BA}.Debug|Any CPU.ActiveCfg = Debug|Any CPU
		{F60F9829-DE06-4A7E-B03B-31C8A01AC9BA}.Debug|Any CPU.Build.0 = Debug|Any CPU
		{F60F9829-DE06-4A7E-B03B-31C8A01AC9BA}.Release|Any CPU.ActiveCfg = Release|Any CPU
		{F60F9829-DE06-4A7E-B03B-31C8A01AC9BA}.Release|Any CPU.Build.0 = Release|Any CPU
	EndGlobalSection
	GlobalSection(SolutionProperties) = preSolution
		HideSolutionNode = FALSE
	EndGlobalSection
	GlobalSection(NestedProjects) = preSolution
		{60A43F0A-6C8C-4A45-A31E-984BFEEA0FB2} = {5C1F3474-E92F-4807-A182-C9ACA1DFC585}
		{B70443C5-045B-4F04-9EE9-82A7BA452E7E} = {5C1F3474-E92F-4807-A182-C9ACA1DFC585}
		{5E1DBB56-D9B2-413F-9BD8-6551CAF779B5} = {EB44DF2E-63D5-406B-BCE1-85E2A847BAB9}
		{B89F39F7-8F28-4A5C-B9DF-ABD452906965} = {2EA58EE1-AF3B-4AF6-90AA-0B366BDBE6A6}
		{55ECED22-CA3A-4C36-BBF3-677F7AFF71A0} = {60A43F0A-6C8C-4A45-A31E-984BFEEA0FB2}
		{CFCA48A4-EB6C-46D1-AC1B-FEE97228F443} = {0118D06F-9C9A-4FD9-AC84-761B0F15CAB1}
		{F6D2BC3C-3C0C-4118-ABFF-96CB5042EFB7} = {B70443C5-045B-4F04-9EE9-82A7BA452E7E}
		{F8DF94B6-5F10-433C-8F35-6738EC379B17} = {83035AAA-5004-4523-AB51-BD10C9CD023B}
		{F60F9829-DE06-4A7E-B03B-31C8A01AC9BA} = {B70443C5-045B-4F04-9EE9-82A7BA452E7E}
	EndGlobalSection
EndGlobal
